
Microsoft Visual Studio Solution File, Format Version 12.00
# Visual Studio Version 17
VisualStudioVersion = 17.8.34511.84
MinimumVisualStudioVersion = 10.0.40219.1
Project("{FAE04EC0-301F-11D3-BF4B-00C04F79EFBC}") = "DI Project", "DI Project.csproj", "{DD9FD824-D2A9-4605-B5EE-3C3A0E898ED1}"
EndProject
Global
	GlobalSection(SolutionConfigurationPlatforms) = preSolution
		Debug|Any CPU = Debug|Any CPU
		Release|Any CPU = Release|Any CPU
	EndGlobalSection
	GlobalSection(ProjectConfigurationPlatforms) = postSolution
		{DD9FD824-D2A9-4605-B5EE-3C3A0E898ED1}.Debug|Any CPU.ActiveCfg = Debug|Any CPU
		{DD9FD824-D2A9-4605-B5EE-3C3A0E898ED1}.Debug|Any CPU.Build.0 = Debug|Any CPU
		{DD9FD824-D2A9-4605-B5EE-3C3A0E898ED1}.Release|Any CPU.ActiveCfg = Release|Any CPU
		{DD9FD824-D2A9-4605-B5EE-3C3A0E898ED1}.Release|Any CPU.Build.0 = Release|Any CPU
	EndGlobalSection
	GlobalSection(SolutionProperties) = preSolution
		HideSolutionNode = FALSE
	EndGlobalSection
	GlobalSection(ExtensibilityGlobals) = postSolution
		SolutionGuid = {717AD33F-3CED-44AF-8086-8D9588EF9786}
	EndGlobalSection
EndGlobal
